
Microsoft Visual Studio Solution File, Format Version 12.00
# Visual Studio Version 17
VisualStudioVersion = 17.5.33414.496
MinimumVisualStudioVersion = 10.0.40219.1
Project("{8BC9CEB8-8B4A-11D0-8D11-00A0C91BC942}") = "C_oop_126", "C_oop_126\C_oop_126.vcxproj", "{EDBFDC21-59FA-4D8B-9110-CC94CA01E592}"
EndProject
Global
	GlobalSection(SolutionConfigurationPlatforms) = preSolution
		Debug|x64 = Debug|x64
		Debug|x86 = Debug|x86
		Release|x64 = Release|x64
		Release|x86 = Release|x86
	EndGlobalSection
	GlobalSection(ProjectConfigurationPlatforms) = postSolution
		{EDBFDC21-59FA-4D8B-9110-CC94CA01E592}.Debug|x64.ActiveCfg = Debug|x64
		{EDBFDC21-59FA-4D8B-9110-CC94CA01E592}.Debug|x64.Build.0 = Debug|x64
		{EDBFDC21-59FA-4D8B-9110-CC94CA01E592}.Debug|x86.ActiveCfg = Debug|Win32
		{EDBFDC21-59FA-4D8B-9110-CC94CA01E592}.Debug|x86.Build.0 = Debug|Win32
		{EDBFDC21-59FA-4D8B-9110-CC94CA01E592}.Release|x64.ActiveCfg = Release|x64
		{EDBFDC21-59FA-4D8B-9110-CC94CA01E592}.Release|x64.Build.0 = Release|x64
		{EDBFDC21-59FA-4D8B-9110-CC94CA01E592}.Release|x86.ActiveCfg = Release|Win32
		{EDBFDC21-59FA-4D8B-9110-CC94CA01E592}.Release|x86.Build.0 = Release|Win32
	EndGlobalSection
	GlobalSection(SolutionProperties) = preSolution
		HideSolutionNode = FALSE
	EndGlobalSection
	GlobalSection(ExtensibilityGlobals) = postSolution
		SolutionGuid = {EDA1FF9F-B102-4585-9E2D-A88AD2C45F17}
	EndGlobalSection
EndGlobal
